
Microsoft Visual Studio Solution File, Format Version 12.00
# Visual Studio Express 2012 for Windows Desktop
Project("{FAE04EC0-301F-11D3-BF4B-00C04F79EFBC}") = "csGitFrrst", "csGitFrrst\csGitFrrst.csproj", "{3E9302F4-67CA-4414-8BBC-09A747B41348}"
EndProject
Global
	GlobalSection(SolutionConfigurationPlatforms) = preSolution
		Debug|Any CPU = Debug|Any CPU
		Release|Any CPU = Release|Any CPU
	EndGlobalSection
	GlobalSection(ProjectConfigurationPlatforms) = postSolution
		{3E9302F4-67CA-4414-8BBC-09A747B41348}.Debug|Any CPU.ActiveCfg = Debug|Any CPU
		{3E9302F4-67CA-4414-8BBC-09A747B41348}.Debug|Any CPU.Build.0 = Debug|Any CPU
		{3E9302F4-67CA-4414-8BBC-09A747B41348}.Release|Any CPU.ActiveCfg = Release|Any CPU
		{3E9302F4-67CA-4414-8BBC-09A747B41348}.Release|Any CPU.Build.0 = Release|Any CPU
	EndGlobalSection
	GlobalSection(SolutionProperties) = preSolution
		HideSolutionNode = FALSE
	EndGlobalSection
EndGlobal
